
Microsoft Visual Studio Solution File, Format Version 12.00
# Visual Studio Version 17
VisualStudioVersion = 17.8.34330.188
MinimumVisualStudioVersion = 10.0.40219.1
Project("{8BC9CEB8-8B4A-11D0-8D11-00A0C91BC942}") = "20240321", "20240321\20240321.vcxproj", "{01060AB4-D4E9-483F-AB91-FBFA5D053619}"
EndProject
Global
	GlobalSection(SolutionConfigurationPlatforms) = preSolution
		Debug|x64 = Debug|x64
		Debug|x86 = Debug|x86
		Release|x64 = Release|x64
		Release|x86 = Release|x86
	EndGlobalSection
	GlobalSection(ProjectConfigurationPlatforms) = postSolution
		{01060AB4-D4E9-483F-AB91-FBFA5D053619}.Debug|x64.ActiveCfg = Debug|x64
		{01060AB4-D4E9-483F-AB91-FBFA5D053619}.Debug|x64.Build.0 = Debug|x64
		{01060AB4-D4E9-483F-AB91-FBFA5D053619}.Debug|x86.ActiveCfg = Debug|Win32
		{01060AB4-D4E9-483F-AB91-FBFA5D053619}.Debug|x86.Build.0 = Debug|Win32
		{01060AB4-D4E9-483F-AB91-FBFA5D053619}.Release|x64.ActiveCfg = Release|x64
		{01060AB4-D4E9-483F-AB91-FBFA5D053619}.Release|x64.Build.0 = Release|x64
		{01060AB4-D4E9-483F-AB91-FBFA5D053619}.Release|x86.ActiveCfg = Release|Win32
		{01060AB4-D4E9-483F-AB91-FBFA5D053619}.Release|x86.Build.0 = Release|Win32
	EndGlobalSection
	GlobalSection(SolutionProperties) = preSolution
		HideSolutionNode = FALSE
	EndGlobalSection
	GlobalSection(ExtensibilityGlobals) = postSolution
		SolutionGuid = {3A769BBC-1ECF-4A77-9628-A4CD7BD96C89}
	EndGlobalSection
EndGlobal
